Microsoft Visual Studio Solution File, Format Version 12.00
# Visual Studio 14
VisualStudioVersion = 14.0.25420.1
MinimumVisualStudioVersion = 10.0.40219.1
Project("{8BC9CEB8-8B4A-11D0-8D11-00A0C91BC942}") = "TCP", "TCP\TCP_vs140.vcxproj", "{6D7DB4D9-BC07-4640-89EB-C8BDF52C29DD}"
EndProject
Project("{8BC9CEB8-8B4A-11D0-8D11-00A0C91BC942}") = "TrafficLight", "TrafficLight\TrafficLight_vs140.vcxproj", "{B39C05E2-A509-4326-B5C3-2B4367B43D27}"
EndProject
Project("{8BC9CEB8-8B4A-11D0-8D11-00A0C91BC942}") = "TCPClient", "TCP\TCPClient.vcxproj", "{2EAE508B-790D-4DF5-A889-D916EC5F0573}"
EndProject
Project("{8BC9CEB8-8B4A-11D0-8D11-00A0C91BC942}") = "TCPServer", "TCP\TCPServer.vcxproj", "{B304A2AC-5E2C-4C74-8203-E8FA71780600}"
EndProject
Global
	GlobalSection(SolutionConfigurationPlatforms) = preSolution
		debug_shared|x64 = debug_shared|x64
		debug_shared|x86 = debug_shared|x86
		debug_static_md|x64 = debug_static_md|x64
		debug_static_md|x86 = debug_static_md|x86
		debug_static_mt|x64 = debug_static_mt|x64
		debug_static_mt|x86 = debug_static_mt|x86
		Debug|x64 = Debug|x64
		Debug|x86 = Debug|x86
		release_shared|x64 = release_shared|x64
		release_shared|x86 = release_shared|x86
		release_static_md|x64 = release_static_md|x64
		release_static_md|x86 = release_static_md|x86
		release_static_mt|x64 = release_static_mt|x64
		release_static_mt|x86 = release_static_mt|x86
		Release|x64 = Release|x64
		Release|x86 = Release|x86
	EndGlobalSection
	GlobalSection(ProjectConfigurationPlatforms) = postSolution
		{6D7DB4D9-BC07-4640-89EB-C8BDF52C29DD}.debug_shared|x64.ActiveCfg = debug_shared|Win32
		{6D7DB4D9-BC07-4640-89EB-C8BDF52C29DD}.debug_shared|x86.ActiveCfg = debug_shared|Win32
		{6D7DB4D9-BC07-4640-89EB-C8BDF52C29DD}.debug_shared|x86.Build.0 = debug_shared|Win32
		{6D7DB4D9-BC07-4640-89EB-C8BDF52C29DD}.debug_static_md|x64.ActiveCfg = debug_static_md|Win32
		{6D7DB4D9-BC07-4640-89EB-C8BDF52C29DD}.debug_static_md|x86.ActiveCfg = debug_static_md|Win32
		{6D7DB4D9-BC07-4640-89EB-C8BDF52C29DD}.debug_static_md|x86.Build.0 = debug_static_md|Win32
		{6D7DB4D9-BC07-4640-89EB-C8BDF52C29DD}.debug_static_mt|x64.ActiveCfg = debug_static_mt|Win32
		{6D7DB4D9-BC07-4640-89EB-C8BDF52C29DD}.debug_static_mt|x86.ActiveCfg = debug_static_mt|Win32
		{6D7DB4D9-BC07-4640-89EB-C8BDF52C29DD}.debug_static_mt|x86.Build.0 = debug_static_mt|Win32
		{6D7DB4D9-BC07-4640-89EB-C8BDF52C29DD}.Debug|x64.ActiveCfg = release_static_mt|Win32
		{6D7DB4D9-BC07-4640-89EB-C8BDF52C29DD}.Debug|x64.Build.0 = release_static_mt|Win32
		{6D7DB4D9-BC07-4640-89EB-C8BDF52C29DD}.Debug|x86.ActiveCfg = debug_static_mt|Win32
		{6D7DB4D9-BC07-4640-89EB-C8BDF52C29DD}.Debug|x86.Build.0 = debug_static_mt|Win32
		{6D7DB4D9-BC07-4640-89EB-C8BDF52C29DD}.release_shared|x64.ActiveCfg = release_shared|Win32
		{6D7DB4D9-BC07-4640-89EB-C8BDF52C29DD}.release_shared|x86.ActiveCfg = release_shared|Win32
		{6D7DB4D9-BC07-4640-89EB-C8BDF52C29DD}.release_shared|x86.Build.0 = release_shared|Win32
		{6D7DB4D9-BC07-4640-89EB-C8BDF52C29DD}.release_static_md|x64.ActiveCfg = release_static_md|Win32
		{6D7DB4D9-BC07-4640-89EB-C8BDF52C29DD}.release_static_md|x86.ActiveCfg = release_static_md|Win32
		{6D7DB4D9-BC07-4640-89EB-C8BDF52C29DD}.release_static_md|x86.Build.0 = release_static_md|Win32
		{6D7DB4D9-BC07-4640-89EB-C8BDF52C29DD}.release_static_mt|x64.ActiveCfg = release_static_mt|Win32
		{6D7DB4D9-BC07-4640-89EB-C8BDF52C29DD}.release_static_mt|x86.ActiveCfg = release_static_mt|Win32
		{6D7DB4D9-BC07-4640-89EB-C8BDF52C29DD}.release_static_mt|x86.Build.0 = release_static_mt|Win32
		{6D7DB4D9-BC07-4640-89EB-C8BDF52C29DD}.Release|x64.ActiveCfg = release_static_mt|Win32
		{6D7DB4D9-BC07-4640-89EB-C8BDF52C29DD}.Release|x64.Build.0 = release_static_mt|Win32
		{6D7DB4D9-BC07-4640-89EB-C8BDF52C29DD}.Release|x86.ActiveCfg = release_static_mt|Win32
		{6D7DB4D9-BC07-4640-89EB-C8BDF52C29DD}.Release|x86.Build.0 = release_static_mt|Win32
		{B39C05E2-A509-4326-B5C3-2B4367B43D27}.debug_shared|x64.ActiveCfg = debug_shared|Win32
		{B39C05E2-A509-4326-B5C3-2B4367B43D27}.debug_shared|x86.ActiveCfg = debug_shared|Win32
		{B39C05E2-A509-4326-B5C3-2B4367B43D27}.debug_shared|x86.Build.0 = debug_shared|Win32
		{B39C05E2-A509-4326-B5C3-2B4367B43D27}.debug_static_md|x64.ActiveCfg = debug_static_md|Win32
		{B39C05E2-A509-4326-B5C3-2B4367B43D27}.debug_static_md|x86.ActiveCfg = debug_static_md|Win32
		{B39C05E2-A509-4326-B5C3-2B4367B43D27}.debug_static_md|x86.Build.0 = debug_static_md|Win32
		{B39C05E2-A509-4326-B5C3-2B4367B43D27}.debug_static_mt|x64.ActiveCfg = debug_static_mt|Win32
		{B39C05E2-A509-4326-B5C3-2B4367B43D27}.debug_static_mt|x86.ActiveCfg = debug_static_mt|Win32
		{B39C05E2-A509-4326-B5C3-2B4367B43D27}.debug_static_mt|x86.Build.0 = debug_static_mt|Win32
		{B39C05E2-A509-4326-B5C3-2B4367B43D27}.Debug|x64.ActiveCfg = release_static_mt|Win32
		{B39C05E2-A509-4326-B5C3-2B4367B43D27}.Debug|x64.Build.0 = release_static_mt|Win32
		{B39C05E2-A509-4326-B5C3-2B4367B43D27}.Debug|x86.ActiveCfg = debug_static_mt|Win32
		{B39C05E2-A509-4326-B5C3-2B4367B43D27}.Debug|x86.Build.0 = debug_static_mt|Win32
		{B39C05E2-A509-4326-B5C3-2B4367B43D27}.release_shared|x64.ActiveCfg = release_shared|Win32
		{B39C05E2-A509-4326-B5C3-2B4367B43D27}.release_shared|x86.ActiveCfg = release_shared|Win32
		{B39C05E2-A509-4326-B5C3-2B4367B43D27}.release_shared|x86.Build.0 = release_shared|Win32
		{B39C05E2-A509-4326-B5C3-2B4367B43D27}.release_static_md|x64.ActiveCfg = release_static_md|Win32
		{B39C05E2-A509-4326-B5C3-2B4367B43D27}.release_static_md|x86.ActiveCfg = release_static_md|Win32
		{B39C05E2-A509-4326-B5C3-2B4367B43D27}.release_static_md|x86.Build.0 = release_static_md|Win32
		{B39C05E2-A509-4326-B5C3-2B4367B43D27}.release_static_mt|x64.ActiveCfg = release_static_mt|Win32
		{B39C05E2-A509-4326-B5C3-2B4367B43D27}.release_static_mt|x86.ActiveCfg = release_static_mt|Win32
		{B39C05E2-A509-4326-B5C3-2B4367B43D27}.release_static_mt|x86.Build.0 = release_static_mt|Win32
		{B39C05E2-A509-4326-B5C3-2B4367B43D27}.Release|x64.ActiveCfg = release_static_mt|Win32
		{B39C05E2-A509-4326-B5C3-2B4367B43D27}.Release|x64.Build.0 = release_static_mt|Win32
		{B39C05E2-A509-4326-B5C3-2B4367B43D27}.Release|x86.ActiveCfg = release_static_mt|Win32
		{B39C05E2-A509-4326-B5C3-2B4367B43D27}.Release|x86.Build.0 = release_static_mt|Win32
		{2EAE508B-790D-4DF5-A889-D916EC5F0573}.debug_shared|x64.ActiveCfg = Debug|x64
		{2EAE508B-790D-4DF5-A889-D916EC5F0573}.debug_shared|x64.Build.0 = Debug|x64
		{2EAE508B-790D-4DF5-A889-D916EC5F0573}.debug_shared|x86.ActiveCfg = Debug|Win32
		{2EAE508B-790D-4DF5-A889-D916EC5F0573}.debug_shared|x86.Build.0 = Debug|Win32
		{2EAE508B-790D-4DF5-A889-D916EC5F0573}.debug_static_md|x64.ActiveCfg = Debug|x64
		{2EAE508B-790D-4DF5-A889-D916EC5F0573}.debug_static_md|x64.Build.0 = Debug|x64
		{2EAE508B-790D-4DF5-A889-D916EC5F0573}.debug_static_md|x86.ActiveCfg = Debug|Win32
		{2EAE508B-790D-4DF5-A889-D916EC5F0573}.debug_static_md|x86.Build.0 = Debug|Win32
		{2EAE508B-790D-4DF5-A889-D916EC5F0573}.debug_static_mt|x64.ActiveCfg = Debug|x64
		{2EAE508B-790D-4DF5-A889-D916EC5F0573}.debug_static_mt|x64.Build.0 = Debug|x64
		{2EAE508B-790D-4DF5-A889-D916EC5F0573}.debug_static_mt|x86.ActiveCfg = Debug|Win32
		{2EAE508B-790D-4DF5-A889-D916EC5F0573}.debug_static_mt|x86.Build.0 = Debug|Win32
		{2EAE508B-790D-4DF5-A889-D916EC5F0573}.Debug|x64.ActiveCfg = Debug|x64
		{2EAE508B-790D-4DF5-A889-D916EC5F0573}.Debug|x64.Build.0 = Debug|x64
		{2EAE508B-790D-4DF5-A889-D916EC5F0573}.Debug|x86.ActiveCfg = Debug|Win32
		{2EAE508B-790D-4DF5-A889-D916EC5F0573}.Debug|x86.Build.0 = Debug|Win32
		{2EAE508B-790D-4DF5-A889-D916EC5F0573}.release_shared|x64.ActiveCfg = Release|x64
		{2EAE508B-790D-4DF5-A889-D916EC5F0573}.release_shared|x64.Build.0 = Release|x64
		{2EAE508B-790D-4DF5-A889-D916EC5F0573}.release_shared|x86.ActiveCfg = Release|Win32
		{2EAE508B-790D-4DF5-A889-D916EC5F0573}.release_shared|x86.Build.0 = Release|Win32
		{2EAE508B-790D-4DF5-A889-D916EC5F0573}.release_static_md|x64.ActiveCfg = Release|x64
		{2EAE508B-790D-4DF5-A889-D916EC5F0573}.release_static_md|x64.Build.0 = Release|x64
		{2EAE508B-790D-4DF5-A889-D916EC5F0573}.release_static_md|x86.ActiveCfg = Release|Win32
		{2EAE508B-790D-4DF5-A889-D916EC5F0573}.release_static_md|x86.Build.0 = Release|Win32
		{2EAE508B-790D-4DF5-A889-D916EC5F0573}.release_static_mt|x64.ActiveCfg = Release|x64
		{2EAE508B-790D-4DF5-A889-D916EC5F0573}.release_static_mt|x64.Build.0 = Release|x64
		{2EAE508B-790D-4DF5-A889-D916EC5F0573}.release_static_mt|x86.ActiveCfg = Release|Win32
		{2EAE508B-790D-4DF5-A889-D916EC5F0573}.release_static_mt|x86.Build.0 = Release|Win32
		{2EAE508B-790D-4DF5-A889-D916EC5F0573}.Release|x64.ActiveCfg = Release|x64
		{2EAE508B-790D-4DF5-A889-D916EC5F0573}.Release|x64.Build.0 = Release|x64
		{2EAE508B-790D-4DF5-A889-D916EC5F0573}.Release|x86.ActiveCfg = Release|Win32
		{2EAE508B-790D-4DF5-A889-D916EC5F0573}.Release|x86.Build.0 = Release|Win32
		{B304A2AC-5E2C-4C74-8203-E8FA71780600}.debug_shared|x64.ActiveCfg = Debug|x64
		{B304A2AC-5E2C-4C74-8203-E8FA71780600}.debug_shared|x64.Build.0 = Debug|x64
		{B304A2AC-5E2C-4C74-8203-E8FA71780600}.debug_shared|x86.ActiveCfg = Debug|Win32
		{B304A2AC-5E2C-4C74-8203-E8FA71780600}.debug_shared|x86.Build.0 = Debug|Win32
		{B304A2AC-5E2C-4C74-8203-E8FA71780600}.debug_static_md|x64.ActiveCfg = Debug|x64
		{B304A2AC-5E2C-4C74-8203-E8FA71780600}.debug_static_md|x64.Build.0 = Debug|x64
		{B304A2AC-5E2C-4C74-8203-E8FA71780600}.debug_static_md|x86.ActiveCfg = Debug|Win32
		{B304A2AC-5E2C-4C74-8203-E8FA71780600}.debug_static_md|x86.Build.0 = Debug|Win32
		{B304A2AC-5E2C-4C74-8203-E8FA71780600}.debug_static_mt|x64.ActiveCfg = Debug|x64
		{B304A2AC-5E2C-4C74-8203-E8FA71780600}.debug_static_mt|x64.Build.0 = Debug|x64
		{B304A2AC-5E2C-4C74-8203-E8FA71780600}.debug_static_mt|x86.ActiveCfg = Debug|Win32
		{B304A2AC-5E2C-4C74-8203-E8FA71780600}.debug_static_mt|x86.Build.0 = Debug|Win32
		{B304A2AC-5E2C-4C74-8203-E8FA71780600}.Debug|x64.ActiveCfg = Debug|x64
		{B304A2AC-5E2C-4C74-8203-E8FA71780600}.Debug|x64.Build.0 = Debug|x64
		{B304A2AC-5E2C-4C74-8203-E8FA71780600}.Debug|x86.ActiveCfg = Debug|Win32
		{B304A2AC-5E2C-4C74-8203-E8FA71780600}.Debug|x86.Build.0 = Debug|Win32
		{B304A2AC-5E2C-4C74-8203-E8FA71780600}.release_shared|x64.ActiveCfg = Release|x64
		{B304A2AC-5E2C-4C74-8203-E8FA71780600}.release_shared|x64.Build.0 = Release|x64
		{B304A2AC-5E2C-4C74-8203-E8FA71780600}.release_shared|x86.ActiveCfg = Release|Win32
		{B304A2AC-5E2C-4C74-8203-E8FA71780600}.release_shared|x86.Build.0 = Release|Win32
		{B304A2AC-5E2C-4C74-8203-E8FA71780600}.release_static_md|x64.ActiveCfg = Release|x64
		{B304A2AC-5E2C-4C74-8203-E8FA71780600}.release_static_md|x64.Build.0 = Release|x64
		{B304A2AC-5E2C-4C74-8203-E8FA71780600}.release_static_md|x86.ActiveCfg = Release|Win32
		{B304A2AC-5E2C-4C74-8203-E8FA71780600}.release_static_md|x86.Build.0 = Release|Win32
		{B304A2AC-5E2C-4C74-8203-E8FA71780600}.release_static_mt|x64.ActiveCfg = Release|x64
		{B304A2AC-5E2C-4C74-8203-E8FA71780600}.release_static_mt|x64.Build.0 = Release|x64
		{B304A2AC-5E2C-4C74-8203-E8FA71780600}.release_static_mt|x86.ActiveCfg = Release|Win32
		{B304A2AC-5E2C-4C74-8203-E8FA71780600}.release_static_mt|x86.Build.0 = Release|Win32
		{B304A2AC-5E2C-4C74-8203-E8FA71780600}.Release|x64.ActiveCfg = Release|x64
		{B304A2AC-5E2C-4C74-8203-E8FA71780600}.Release|x64.Build.0 = Release|x64
		{B304A2AC-5E2C-4C74-8203-E8FA71780600}.Release|x86.ActiveCfg = Release|Win32
		{B304A2AC-5E2C-4C74-8203-E8FA71780600}.Release|x86.Build.0 = Release|Win32
	EndGlobalSection
	GlobalSection(SolutionProperties) = preSolution
		HideSolutionNode = FALSE
	EndGlobalSection
EndGlobal
