Microsoft Visual Studio Solution File, Format Version 12.00
# Visual Studio 14
VisualStudioVersion = 14.0.25123.0
MinimumVisualStudioVersion = 10.0.40219.1
Project("{8BC9CEB8-8B4A-11D0-8D11-00A0C91BC942}") = "TrafficLight", "TrafficLight\TrafficLight_vs140.vcxproj", "{B39C05E2-A509-4326-B5C3-2B4367B43D27}"
EndProject
Project("{8BC9CEB8-8B4A-11D0-8D11-00A0C91BC942}") = "TCPServer", "TCP\TCP_vs140.vcxproj", "{F635E489-F94C-4BD7-8B58-14A76A7C1D46}"
	ProjectSection(ProjectDependencies) = postProject
		{49EC3D62-56F7-45ED-A65A-F4E85DC35C0E} = {49EC3D62-56F7-45ED-A65A-F4E85DC35C0E}
	EndProjectSection
EndProject
Project("{8BC9CEB8-8B4A-11D0-8D11-00A0C91BC942}") = "TCP", "TCP\TCPClient_vs140.vcxproj", "{49EC3D62-56F7-45ED-A65A-F4E85DC35C0E}"
EndProject
Project("{8BC9CEB8-8B4A-11D0-8D11-00A0C91BC942}") = "TCPClient", "TCP\TCPServer_vs140.vcxproj", "{89063DD2-3823-4403-ABE5-915B37B7174C}"
	ProjectSection(ProjectDependencies) = postProject
		{49EC3D62-56F7-45ED-A65A-F4E85DC35C0E} = {49EC3D62-56F7-45ED-A65A-F4E85DC35C0E}
	EndProjectSection
EndProject
Global
	GlobalSection(SolutionConfigurationPlatforms) = preSolution
		debug_shared|Win32 = debug_shared|Win32
		debug_shared|x64 = debug_shared|x64
		debug_static_md|Win32 = debug_static_md|Win32
		debug_static_md|x64 = debug_static_md|x64
		debug_static_mt|Win32 = debug_static_mt|Win32
		debug_static_mt|x64 = debug_static_mt|x64
		release_shared|Win32 = release_shared|Win32
		release_shared|x64 = release_shared|x64
		release_static_md|Win32 = release_static_md|Win32
		release_static_md|x64 = release_static_md|x64
		release_static_mt|Win32 = release_static_mt|Win32
		release_static_mt|x64 = release_static_mt|x64
	EndGlobalSection
	GlobalSection(ProjectConfigurationPlatforms) = postSolution
		{B39C05E2-A509-4326-B5C3-2B4367B43D27}.debug_shared|Win32.ActiveCfg = debug_shared|Win32
		{B39C05E2-A509-4326-B5C3-2B4367B43D27}.debug_shared|Win32.Build.0 = debug_shared|Win32
		{B39C05E2-A509-4326-B5C3-2B4367B43D27}.debug_shared|x64.ActiveCfg = debug_shared|Win32
		{B39C05E2-A509-4326-B5C3-2B4367B43D27}.debug_static_md|Win32.ActiveCfg = debug_static_md|Win32
		{B39C05E2-A509-4326-B5C3-2B4367B43D27}.debug_static_md|Win32.Build.0 = debug_static_md|Win32
		{B39C05E2-A509-4326-B5C3-2B4367B43D27}.debug_static_md|x64.ActiveCfg = debug_static_md|Win32
		{B39C05E2-A509-4326-B5C3-2B4367B43D27}.debug_static_mt|Win32.ActiveCfg = debug_static_mt|Win32
		{B39C05E2-A509-4326-B5C3-2B4367B43D27}.debug_static_mt|Win32.Build.0 = debug_static_mt|Win32
		{B39C05E2-A509-4326-B5C3-2B4367B43D27}.debug_static_mt|x64.ActiveCfg = debug_static_mt|Win32
		{B39C05E2-A509-4326-B5C3-2B4367B43D27}.release_shared|Win32.ActiveCfg = release_shared|Win32
		{B39C05E2-A509-4326-B5C3-2B4367B43D27}.release_shared|Win32.Build.0 = release_shared|Win32
		{B39C05E2-A509-4326-B5C3-2B4367B43D27}.release_shared|x64.ActiveCfg = release_shared|Win32
		{B39C05E2-A509-4326-B5C3-2B4367B43D27}.release_static_md|Win32.ActiveCfg = release_static_md|Win32
		{B39C05E2-A509-4326-B5C3-2B4367B43D27}.release_static_md|Win32.Build.0 = release_static_md|Win32
		{B39C05E2-A509-4326-B5C3-2B4367B43D27}.release_static_md|x64.ActiveCfg = release_static_md|Win32
		{B39C05E2-A509-4326-B5C3-2B4367B43D27}.release_static_mt|Win32.ActiveCfg = release_static_mt|Win32
		{B39C05E2-A509-4326-B5C3-2B4367B43D27}.release_static_mt|Win32.Build.0 = release_static_mt|Win32
		{B39C05E2-A509-4326-B5C3-2B4367B43D27}.release_static_mt|x64.ActiveCfg = release_static_mt|Win32
		{F635E489-F94C-4BD7-8B58-14A76A7C1D46}.debug_shared|Win32.ActiveCfg = debug_shared|Win32
		{F635E489-F94C-4BD7-8B58-14A76A7C1D46}.debug_shared|Win32.Build.0 = debug_shared|Win32
		{F635E489-F94C-4BD7-8B58-14A76A7C1D46}.debug_shared|x64.ActiveCfg = debug_shared|Win32
		{F635E489-F94C-4BD7-8B58-14A76A7C1D46}.debug_static_md|Win32.ActiveCfg = debug_static_md|Win32
		{F635E489-F94C-4BD7-8B58-14A76A7C1D46}.debug_static_md|Win32.Build.0 = debug_static_md|Win32
		{F635E489-F94C-4BD7-8B58-14A76A7C1D46}.debug_static_md|x64.ActiveCfg = debug_static_md|Win32
		{F635E489-F94C-4BD7-8B58-14A76A7C1D46}.debug_static_mt|Win32.ActiveCfg = debug_static_mt|Win32
		{F635E489-F94C-4BD7-8B58-14A76A7C1D46}.debug_static_mt|Win32.Build.0 = debug_static_mt|Win32
		{F635E489-F94C-4BD7-8B58-14A76A7C1D46}.debug_static_mt|x64.ActiveCfg = debug_static_mt|Win32
		{F635E489-F94C-4BD7-8B58-14A76A7C1D46}.release_shared|Win32.ActiveCfg = release_shared|Win32
		{F635E489-F94C-4BD7-8B58-14A76A7C1D46}.release_shared|Win32.Build.0 = release_shared|Win32
		{F635E489-F94C-4BD7-8B58-14A76A7C1D46}.release_shared|x64.ActiveCfg = release_shared|Win32
		{F635E489-F94C-4BD7-8B58-14A76A7C1D46}.release_static_md|Win32.ActiveCfg = release_static_md|Win32
		{F635E489-F94C-4BD7-8B58-14A76A7C1D46}.release_static_md|Win32.Build.0 = release_static_md|Win32
		{F635E489-F94C-4BD7-8B58-14A76A7C1D46}.release_static_md|x64.ActiveCfg = release_static_md|Win32
		{F635E489-F94C-4BD7-8B58-14A76A7C1D46}.release_static_mt|Win32.ActiveCfg = release_static_mt|Win32
		{F635E489-F94C-4BD7-8B58-14A76A7C1D46}.release_static_mt|Win32.Build.0 = release_static_mt|Win32
		{F635E489-F94C-4BD7-8B58-14A76A7C1D46}.release_static_mt|x64.ActiveCfg = release_static_mt|Win32
		{49EC3D62-56F7-45ED-A65A-F4E85DC35C0E}.debug_shared|Win32.ActiveCfg = debug_shared|Win32
		{49EC3D62-56F7-45ED-A65A-F4E85DC35C0E}.debug_shared|Win32.Build.0 = debug_shared|Win32
		{49EC3D62-56F7-45ED-A65A-F4E85DC35C0E}.debug_shared|x64.ActiveCfg = debug_shared|Win32
		{49EC3D62-56F7-45ED-A65A-F4E85DC35C0E}.debug_static_md|Win32.ActiveCfg = debug_static_md|Win32
		{49EC3D62-56F7-45ED-A65A-F4E85DC35C0E}.debug_static_md|Win32.Build.0 = debug_static_md|Win32
		{49EC3D62-56F7-45ED-A65A-F4E85DC35C0E}.debug_static_md|x64.ActiveCfg = debug_static_md|Win32
		{49EC3D62-56F7-45ED-A65A-F4E85DC35C0E}.debug_static_mt|Win32.ActiveCfg = debug_static_mt|Win32
		{49EC3D62-56F7-45ED-A65A-F4E85DC35C0E}.debug_static_mt|Win32.Build.0 = debug_static_mt|Win32
		{49EC3D62-56F7-45ED-A65A-F4E85DC35C0E}.debug_static_mt|x64.ActiveCfg = debug_static_mt|Win32
		{49EC3D62-56F7-45ED-A65A-F4E85DC35C0E}.release_shared|Win32.ActiveCfg = release_shared|Win32
		{49EC3D62-56F7-45ED-A65A-F4E85DC35C0E}.release_shared|Win32.Build.0 = release_shared|Win32
		{49EC3D62-56F7-45ED-A65A-F4E85DC35C0E}.release_shared|x64.ActiveCfg = release_shared|Win32
		{49EC3D62-56F7-45ED-A65A-F4E85DC35C0E}.release_static_md|Win32.ActiveCfg = release_static_md|Win32
		{49EC3D62-56F7-45ED-A65A-F4E85DC35C0E}.release_static_md|Win32.Build.0 = release_static_md|Win32
		{49EC3D62-56F7-45ED-A65A-F4E85DC35C0E}.release_static_md|x64.ActiveCfg = release_static_md|Win32
		{49EC3D62-56F7-45ED-A65A-F4E85DC35C0E}.release_static_mt|Win32.ActiveCfg = release_static_mt|Win32
		{49EC3D62-56F7-45ED-A65A-F4E85DC35C0E}.release_static_mt|Win32.Build.0 = release_static_mt|Win32
		{49EC3D62-56F7-45ED-A65A-F4E85DC35C0E}.release_static_mt|x64.ActiveCfg = release_static_mt|Win32
		{89063DD2-3823-4403-ABE5-915B37B7174C}.debug_shared|Win32.ActiveCfg = debug_shared|Win32
		{89063DD2-3823-4403-ABE5-915B37B7174C}.debug_shared|Win32.Build.0 = debug_shared|Win32
		{89063DD2-3823-4403-ABE5-915B37B7174C}.debug_shared|x64.ActiveCfg = debug_shared|Win32
		{89063DD2-3823-4403-ABE5-915B37B7174C}.debug_static_md|Win32.ActiveCfg = debug_static_md|Win32
		{89063DD2-3823-4403-ABE5-915B37B7174C}.debug_static_md|Win32.Build.0 = debug_static_md|Win32
		{89063DD2-3823-4403-ABE5-915B37B7174C}.debug_static_md|x64.ActiveCfg = debug_static_md|Win32
		{89063DD2-3823-4403-ABE5-915B37B7174C}.debug_static_mt|Win32.ActiveCfg = debug_static_mt|Win32
		{89063DD2-3823-4403-ABE5-915B37B7174C}.debug_static_mt|Win32.Build.0 = debug_static_mt|Win32
		{89063DD2-3823-4403-ABE5-915B37B7174C}.debug_static_mt|x64.ActiveCfg = debug_static_mt|Win32
		{89063DD2-3823-4403-ABE5-915B37B7174C}.release_shared|Win32.ActiveCfg = release_shared|Win32
		{89063DD2-3823-4403-ABE5-915B37B7174C}.release_shared|Win32.Build.0 = release_shared|Win32
		{89063DD2-3823-4403-ABE5-915B37B7174C}.release_shared|x64.ActiveCfg = release_shared|Win32
		{89063DD2-3823-4403-ABE5-915B37B7174C}.release_static_md|Win32.ActiveCfg = release_static_md|Win32
		{89063DD2-3823-4403-ABE5-915B37B7174C}.release_static_md|Win32.Build.0 = release_static_md|Win32
		{89063DD2-3823-4403-ABE5-915B37B7174C}.release_static_md|x64.ActiveCfg = release_static_md|Win32
		{89063DD2-3823-4403-ABE5-915B37B7174C}.release_static_mt|Win32.ActiveCfg = release_static_mt|Win32
		{89063DD2-3823-4403-ABE5-915B37B7174C}.release_static_mt|Win32.Build.0 = release_static_mt|Win32
		{89063DD2-3823-4403-ABE5-915B37B7174C}.release_static_mt|x64.ActiveCfg = release_static_mt|Win32
	EndGlobalSection
	GlobalSection(SolutionProperties) = preSolution
		HideSolutionNode = FALSE
	EndGlobalSection
EndGlobal
